<?xml version="1.0" encoding="utf-8"?>
<Project ToolsVersion="4.0" xmlns="http://schemas.microsoft.com/developer/msbuild/2003">
  <ItemGroup>
    <Filter Include="源文件">
      <UniqueIdentifier>{4FC737F1-C7A5-4376-A066-2A32D752A2FF}</UniqueIdentifier>
      <Extensions>cpp;c;cc;cxx;def;odl;idl;hpj;bat;asm;asmx</Extensions>
    </Filter>
    <Filter Include="头文件">
      <UniqueIdentifier>{93995380-89BD-4b04-88EB-625FBE52EBFB}</UniqueIdentifier>
      <Extensions>h;hh;hpp;hxx;hm;inl;inc;xsd</Extensions>
    </Filter>
    <Filter Include="资源文件">
      <UniqueIdentifier>{67DA6AB6-F800-4c08-8B7A-83BB121AAD01}</UniqueIdentifier>
      <Extensions>rc;ico;cur;bmp;dlg;rc2;rct;bin;rgs;gif;jpg;jpeg;jpe;resx;tiff;tif;png;wav;mfcribbon-ms</Extensions>
    </Filter>
    <Filter Include="头文件\rapidjson">
      <UniqueIdentifier>{48013b38-ee44-46d0-9fc8-5eaec388aa93}</UniqueIdentifier>
    </Filter>
  </ItemGroup>
  <ItemGroup>
    <Text Include="ReadMe.txt" />
  </ItemGroup>
  <ItemGroup>
    <ClInclude Include="stdafx.h">
      <Filter>头文件</Filter>
    </ClInclude>
    <ClInclude Include="targetver.h">
      <Filter>头文件</Filter>
    </ClInclude>
    <ClInclude Include="bili.h">
      <Filter>头文件</Filter>
    </ClInclude>
    <ClInclude Include="Founctions.h">
      <Filter>头文件</Filter>
    </ClInclude>
    <ClInclude Include="..\..\..\..\..\Desktop\rapidjson-master\include\rapidjson\allocators.h">
      <Filter>头文件\rapidjson</Filter>
    </ClInclude>
    <ClInclude Include="..\..\..\..\..\Desktop\rapidjson-master\include\rapidjson\document.h">
      <Filter>头文件\rapidjson</Filter>
    </ClInclude>
    <ClInclude Include="..\..\..\..\..\Desktop\rapidjson-master\include\rapidjson\encodedstream.h">
      <Filter>头文件\rapidjson</Filter>
    </ClInclude>
    <ClInclude Include="..\..\..\..\..\Desktop\rapidjson-master\include\rapidjson\encodings.h">
      <Filter>头文件\rapidjson</Filter>
    </ClInclude>
    <ClInclude Include="..\..\..\..\..\Desktop\rapidjson-master\include\rapidjson\filereadstream.h">
      <Filter>头文件\rapidjson</Filter>
    </ClInclude>
    <ClInclude Include="..\..\..\..\..\Desktop\rapidjson-master\include\rapidjson\filewritestream.h">
      <Filter>头文件\rapidjson</Filter>
    </ClInclude>
    <ClInclude Include="..\..\..\..\..\Desktop\rapidjson-master\include\rapidjson\fwd.h">
      <Filter>头文件\rapidjson</Filter>
    </ClInclude>
    <ClInclude Include="..\..\..\..\..\Desktop\rapidjson-master\include\rapidjson\istreamwrapper.h">
      <Filter>头文件\rapidjson</Filter>
    </ClInclude>
    <ClInclude Include="..\..\..\..\..\Desktop\rapidjson-master\include\rapidjson\memorybuffer.h">
      <Filter>头文件\rapidjson</Filter>
    </ClInclude>
    <ClInclude Include="..\..\..\..\..\Desktop\rapidjson-master\include\rapidjson\memorystream.h">
      <Filter>头文件\rapidjson</Filter>
    </ClInclude>
    <ClInclude Include="..\..\..\..\..\Desktop\rapidjson-master\include\rapidjson\ostreamwrapper.h">
      <Filter>头文件\rapidjson</Filter>
    </ClInclude>
    <ClInclude Include="..\..\..\..\..\Desktop\rapidjson-master\include\rapidjson\pointer.h">
      <Filter>头文件\rapidjson</Filter>
    </ClInclude>
    <ClInclude Include="..\..\..\..\..\Desktop\rapidjson-master\include\rapidjson\prettywriter.h">
      <Filter>头文件\rapidjson</Filter>
    </ClInclude>
    <ClInclude Include="..\..\..\..\..\Desktop\rapidjson-master\include\rapidjson\rapidjson.h">
      <Filter>头文件\rapidjson</Filter>
    </ClInclude>
    <ClInclude Include="..\..\..\..\..\Desktop\rapidjson-master\include\rapidjson\reader.h">
      <Filter>头文件\rapidjson</Filter>
    </ClInclude>
    <ClInclude Include="..\..\..\..\..\Desktop\rapidjson-master\include\rapidjson\schema.h">
      <Filter>头文件\rapidjson</Filter>
    </ClInclude>
    <ClInclude Include="..\..\..\..\..\Desktop\rapidjson-master\include\rapidjson\stream.h">
      <Filter>头文件\rapidjson</Filter>
    </ClInclude>
    <ClInclude Include="..\..\..\..\..\Desktop\rapidjson-master\include\rapidjson\stringbuffer.h">
      <Filter>头文件\rapidjson</Filter>
    </ClInclude>
    <ClInclude Include="..\..\..\..\..\Desktop\rapidjson-master\include\rapidjson\writer.h">
      <Filter>头文件\rapidjson</Filter>
    </ClInclude>
    <ClInclude Include="Live.h">
      <Filter>头文件</Filter>
    </ClInclude>
    <ClInclude Include="Picture.h">
      <Filter>头文件</Filter>
    </ClInclude>
  </ItemGroup>
  <ItemGroup>
    <ClCompile Include="stdafx.cpp">
      <Filter>源文件</Filter>
    </ClCompile>
    <ClCompile Include="Main.cpp">
      <Filter>源文件</Filter>
    </ClCompile>
    <ClCompile Include="bili.cpp">
      <Filter>源文件</Filter>
    </ClCompile>
    <ClCompile Include="Founctions.cpp">
      <Filter>源文件</Filter>
    </ClCompile>
    <ClCompile Include="Live.cpp">
      <Filter>源文件</Filter>
    </ClCompile>
    <ClCompile Include="Picture.cpp">
      <Filter>源文件</Filter>
    </ClCompile>
  </ItemGroup>
</Project>